// !$*UTF8*$!
{
	archiveVersion = 1;
	classes = {
	};
	objectVersion = 46;
	objects = {

/* Begin PBXBuildFile section */
		F99BF29B1C6405440021316E /* AppDelegate.swift in Sources */ = {isa = PBXBuildFile; fileRef = F99BF29A1C6405440021316E /* AppDelegate.swift */; };
		F99BF29D1C6405440021316E /* ViewController.swift in Sources */ = {isa = PBXBuildFile; fileRef = F99BF29C1C6405440021316E /* ViewController.swift */; };
		F99BF2A01C6405440021316E /* Main.storyboard in Resources */ = {isa = PBXBuildFile; fileRef = F99BF29E1C6405440021316E /* Main.storyboard */; };
		F99BF2A21C6405440021316E /* Assets.xcassets in Resources */ = {isa = PBXBuildFile; fileRef = F99BF2A11C6405440021316E /* Assets.xcassets */; };
		F99BF2A51C6405440021316E /* LaunchScreen.storyboard in Resources */ = {isa = PBXBuildFile; fileRef = F99BF2A31C6405440021316E /* LaunchScreen.storyboard */; };
		F99BF2B01C6405440021316E /* Demo2Tests.swift in Sources */ = {isa = PBXBuildFile; fileRef = F99BF2AF1C6405440021316E /* Demo2Tests.swift */; };
		F99BF2BB1C6405440021316E /* Demo2UITests.swift in Sources */ = {isa = PBXBuildFile; fileRef = F99BF2BA1C6405440021316E /* Demo2UITests.swift */; };
		F99BF2C91C6406FF0021316E /* fileone.swift in Sources */ = {isa = PBXBuildFile; fileRef = F99BF2C81C6406FF0021316E /* fileone.swift */; };
/* End PBXBuildFile section */

/* Begin PBXContainerItemProxy section */
		F99BF2AC1C6405440021316E /* PBXContainerItemProxy */ = {
			isa = PBXContainerItemProxy;
			containerPortal = F99BF28F1C6405440021316E /* Project object */;
			proxyType = 1;
			remoteGlobalIDString = F99BF2961C6405440021316E;
			remoteInfo = Demo2;
		};
		F99BF2B71C6405440021316E /* PBXContainerItemProxy */ = {
			isa = PBXContainerItemProxy;
			containerPortal = F99BF28F1C6405440021316E /* Project object */;
			proxyType = 1;
			remoteGlobalIDString = F99BF2961C6405440021316E;
			remoteInfo = Demo2;
		};
/* End PBXContainerItemProxy section */

/* Begin PBXFileReference section */
		F99BF2971C6405440021316E /* Demo2.app */ = {isa = PBXFileReference; explicitFileType = wrapper.application; includeInIndex = 0; path = Demo2.app; sourceTree = BUILT_PRODUCTS_DIR; };
		F99BF29A1C6405440021316E /* AppDelegate.swift */ = {isa = PBXFileReference; lastKnownFileType = sourcecode.swift; path = AppDelegate.swift; sourceTree = "<group>"; };
		F99BF29C1C6405440021316E /* ViewController.swift */ = {isa = PBXFileReference; lastKnownFileType = sourcecode.swift; path = ViewController.swift; sourceTree = "<group>"; };
		F99BF29F1C6405440021316E /* Base */ = {isa = PBXFileReference; lastKnownFileType = file.storyboard; name = Base; path = Base.lproj/Main.storyboard; sourceTree = "<group>"; };
		F99BF2A11C6405440021316E /* Assets.xcassets */ = {isa = PBXFileReference; lastKnownFileType = folder.assetcatalog; path = Assets.xcassets; sourceTree = "<group>"; };
		F99BF2A41C6405440021316E /* Base */ = {isa = PBXFileReference; lastKnownFileType = file.storyboard; name = Base; path = Base.lproj/LaunchScreen.storyboard; sourceTree = "<group>"; };
		F99BF2A61C6405440021316E /* Info.plist */ = {isa = PBXFileReference; lastKnownFileType = text.plist.xml; path = Info.plist; sourceTree = "<group>"; };
		F99BF2AB1C6405440021316E /* Demo2Tests.xctest */ = {isa = PBXFileReference; explicitFileType = wrapper.cfbundle; includeInIndex = 0; path = Demo2Tests.xctest; sourceTree = BUILT_PRODUCTS_DIR; };
		F99BF2AF1C6405440021316E /* Demo2Tests.swift */ = {isa = PBXFileReference; lastKnownFileType = sourcecode.swift; path = Demo2Tests.swift; sourceTree = "<group>"; };
		F99BF2B11C6405440021316E /* Info.plist */ = {isa = PBXFileReference; lastKnownFileType = text.plist.xml; path = Info.plist; sourceTree = "<group>"; };
		F99BF2B61C6405440021316E /* Demo2UITests.xctest */ = {isa = PBXFileReference; explicitFileType = wrapper.cfbundle; includeInIndex = 0; path = Demo2UITests.xctest; sourceTree = BUILT_PRODUCTS_DIR; };
		F99BF2BA1C6405440021316E /* Demo2UITests.swift */ = {isa = PBXFileReference; lastKnownFileType = sourcecode.swift; path = Demo2UITests.swift; sourceTree = "<group>"; };
		F99BF2BC1C6405440021316E /* Info.plist */ = {isa = PBXFileReference; lastKnownFileType = text.plist.xml; path = Info.plist; sourceTree = "<group>"; };
		F99BF2C81C6406FF0021316E /* fileone.swift */ = {isa = PBXFileReference; fileEncoding = 4; lastKnownFileType = sourcecode.swift; path = fileone.swift; sourceTree = "<group>"; };
/* End PBXFileReference section */

/* Begin PBXFrameworksBuildPhase section */
		F99BF2941C6405440021316E /* Frameworks */ = {
			isa = PBXFrameworksBuildPhase;
			buildActionMask = 2147483647;
			files = (
			);
			runOnlyForDeploymentPostprocessing = 0;
		};
		F99BF2A81C6405440021316E /* Frameworks */ = {
			isa = PBXFrameworksBuildPhase;
			buildActionMask = 2147483647;
			files = (
			);
			runOnlyForDeploymentPostprocessing = 0;
		};
		F99BF2B31C6405440021316E /* Frameworks */ = {
			isa = PBXFrameworksBuildPhase;
			buildActionMask = 2147483647;
			files = (
			);
			runOnlyForDeploymentPostprocessing = 0;
		};
/* End PBXFrameworksBuildPhase section */

/* Begin PBXGroup section */
		F99BF28E1C6405440021316E = {
			isa = PBXGroup;
			children = (
				F99BF2991C6405440021316E /* Demo2 */,
				F99BF2AE1C6405440021316E /* Demo2Tests */,
				F99BF2B91C6405440021316E /* Demo2UITests */,
				F99BF2981C6405440021316E /* Products */,
			);
			sourceTree = "<group>";
		};
		F99BF2981C6405440021316E /* Products */ = {
			isa = PBXGroup;
			children = (
				F99BF2971C6405440021316E /* Demo2.app */,
				F99BF2AB1C6405440021316E /* Demo2Tests.xctest */,
				F99BF2B61C6405440021316E /* Demo2UITests.xctest */,
			);
			name = Products;
			sourceTree = "<group>";
		};
		F99BF2991C6405440021316E /* Demo2 */ = {
			isa = PBXGroup;
			children = (
				F99BF29A1C6405440021316E /* AppDelegate.swift */,
				F99BF2C81C6406FF0021316E /* fileone.swift */,
				F99BF29C1C6405440021316E /* ViewController.swift */,
				F99BF29E1C6405440021316E /* Main.storyboard */,
				F99BF2A11C6405440021316E /* Assets.xcassets */,
				F99BF2A31C6405440021316E /* LaunchScreen.storyboard */,
				F99BF2A61C6405440021316E /* Info.plist */,
			);
			path = Demo2;
			sourceTree = "<group>";
		};
		F99BF2AE1C6405440021316E /* Demo2Tests */ = {
			isa = PBXGroup;
			children = (
				F99BF2AF1C6405440021316E /* Demo2Tests.swift */,
				F99BF2B11C6405440021316E /* Info.plist */,
			);
			path = Demo2Tests;
			sourceTree = "<group>";
		};
		F99BF2B91C6405440021316E /* Demo2UITests */ = {
			isa = PBXGroup;
			children = (
				F99BF2BA1C6405440021316E /* Demo2UITests.swift */,
				F99BF2BC1C6405440021316E /* Info.plist */,
			);
			path = Demo2UITests;
			sourceTree = "<group>";
		};
/* End PBXGroup section */

/* Begin PBXNativeTarget section */
		F99BF2961C6405440021316E /* Demo2 */ = {
			isa = PBXNativeTarget;
			buildConfigurationList = F99BF2BF1C6405440021316E /* Build configuration list for PBXNativeTarget "Demo2" */;
			buildPhases = (
				F99BF2931C6405440021316E /* Sources */,
				F99BF2941C6405440021316E /* Frameworks */,
				F99BF2951C6405440021316E /* Resources */,
			);
			buildRules = (
			);
			dependencies = (
			);
			name = Demo2;
			productName = Demo2;
			productReference = F99BF2971C6405440021316E /* Demo2.app */;
			productType = "com.apple.product-type.application";
		};
		F99BF2AA1C6405440021316E /* Demo2Tests */ = {
			isa = PBXNativeTarget;
			buildConfigurationList = F99BF2C21C6405440021316E /* Build configuration list for PBXNativeTarget "Demo2Tests" */;
			buildPhases = (
				F99BF2A71C6405440021316E /* Sources */,
				F99BF2A81C6405440021316E /* Frameworks */,
				F99BF2A91C6405440021316E /* Resources */,
			);
			buildRules = (
			);
			dependencies = (
				F99BF2AD1C6405440021316E /* PBXTargetDependency */,
			);
			name = Demo2Tests;
			productName = Demo2Tests;
			productReference = F99BF2AB1C6405440021316E /* Demo2Tests.xctest */;
			productType = "com.apple.product-type.bundle.unit-test";
		};
		F99BF2B51C6405440021316E /* Demo2UITests */ = {
			isa = PBXNativeTarget;
			buildConfigurationList = F99BF2C51C6405440021316E /* Build configuration list for PBXNativeTarget "Demo2UITests" */;
			buildPhases = (
				F99BF2B21C6405440021316E /* Sources */,
				F99BF2B31C6405440021316E /* Frameworks */,
				F99BF2B41C6405440021316E /* Resources */,
			);
			buildRules = (
			);
			dependencies = (
				F99BF2B81C6405440021316E /* PBXTargetDependency */,
			);
			name = Demo2UITests;
			productName = Demo2UITests;
			productReference = F99BF2B61C6405440021316E /* Demo2UITests.xctest */;
			productType = "com.apple.product-type.bundle.ui-testing";
		};
/* End PBXNativeTarget section */

/* Begin PBXProject section */
		F99BF28F1C6405440021316E /* Project object */ = {
			isa = PBXProject;
			attributes = {
				LastSwiftUpdateCheck = 0720;
				LastUpgradeCheck = 0720;
				ORGANIZATIONNAME = "Indrit Vogli";
				TargetAttributes = {
					F99BF2961C6405440021316E = {
						CreatedOnToolsVersion = 7.2;
					};
					F99BF2AA1C6405440021316E = {
						CreatedOnToolsVersion = 7.2;
						TestTargetID = F99BF2961C6405440021316E;
					};
					F99BF2B51C6405440021316E = {
						CreatedOnToolsVersion = 7.2;
						TestTargetID = F99BF2961C6405440021316E;
					};
				};
			};
			buildConfigurationList = F99BF2921C6405440021316E /* Build configuration list for PBXProject "Demo2" */;
			compatibilityVersion = "Xcode 3.2";
			developmentRegion = English;
			hasScannedForEncodings = 0;
			knownRegions = (
				en,
				Base,
			);
			mainGroup = F99BF28E1C6405440021316E;
			productRefGroup = F99BF2981C6405440021316E /* Products */;
			projectDirPath = "";
			projectRoot = "";
			targets = (
				F99BF2961C6405440021316E /* Demo2 */,
				F99BF2AA1C6405440021316E /* Demo2Tests */,
				F99BF2B51C6405440021316E /* Demo2UITests */,
			);
		};
/* End PBXProject section */

/* Begin PBXResourcesBuildPhase section */
		F99BF2951C6405440021316E /* Resources */ = {
			isa = PBXResourcesBuildPhase;
			buildActionMask = 2147483647;
			files = (
				F99BF2A51C6405440021316E /* LaunchScreen.storyboard in Resources */,
				F99BF2A21C6405440021316E /* Assets.xcassets in Resources */,
				F99BF2A01C6405440021316E /* Main.storyboard in Resources */,
			);
			runOnlyForDeploymentPostprocessing = 0;
		};
		F99BF2A91C6405440021316E /* Resources */ = {
			isa = PBXResourcesBuildPhase;
			buildActionMask = 2147483647;
			files = (
			);
			runOnlyForDeploymentPostprocessing = 0;
		};
		F99BF2B41C6405440021316E /* Resources */ = {
			isa = PBXResourcesBuildPhase;
			buildActionMask = 2147483647;
			files = (
			);
			runOnlyForDeploymentPostprocessing = 0;
		};
/* End PBXResourcesBuildPhase section */

/* Begin PBXSourcesBuildPhase section */
		F99BF2931C6405440021316E /* Sources */ = {
			isa = PBXSourcesBuildPhase;
			buildActionMask = 2147483647;
			files = (
				F99BF29D1C6405440021316E /* ViewController.swift in Sources */,
				F99BF29B1C6405440021316E /* AppDelegate.swift in Sources */,
				F99BF2C91C6406FF0021316E /* fileone.swift in Sources */,
			);
			runOnlyForDeploymentPostprocessing = 0;
		};
		F99BF2A71C6405440021316E /* Sources */ = {
			isa = PBXSourcesBuildPhase;
			buildActionMask = 2147483647;
			files = (
				F99BF2B01C6405440021316E /* Demo2Tests.swift in Sources */,
			);
			runOnlyForDeploymentPostprocessing = 0;
		};
		F99BF2B21C6405440021316E /* Sources */ = {
			isa = PBXSourcesBuildPhase;
			buildActionMask = 2147483647;
			files = (
				F99BF2BB1C6405440021316E /* Demo2UITests.swift in Sources */,
			);
			runOnlyForDeploymentPostprocessing = 0;
		};
/* End PBXSourcesBuildPhase section */

/* Begin PBXTargetDependency section */
		F99BF2AD1C6405440021316E /* PBXTargetDependency */ = {
			isa = PBXTargetDependency;
			target = F99BF2961C6405440021316E /* Demo2 */;
			targetProxy = F99BF2AC1C6405440021316E /* PBXContainerItemProxy */;
		};
		F99BF2B81C6405440021316E /* PBXTargetDependency */ = {
			isa = PBXTargetDependency;
			target = F99BF2961C6405440021316E /* Demo2 */;
			targetProxy = F99BF2B71C6405440021316E /* PBXContainerItemProxy */;
		};
/* End PBXTargetDependency section */

/* Begin PBXVariantGroup section */
		F99BF29E1C6405440021316E /* Main.storyboard */ = {
			isa = PBXVariantGroup;
			children = (
				F99BF29F1C6405440021316E /* Base */,
			);
			name = Main.storyboard;
			sourceTree = "<group>";
		};
		F99BF2A31C6405440021316E /* LaunchScreen.storyboard */ = {
			isa = PBXVariantGroup;
			children = (
				F99BF2A41C6405440021316E /* Base */,
			);
			name = LaunchScreen.storyboard;
			sourceTree = "<group>";
		};
/* End PBXVariantGroup section */

/* Begin XCBuildConfiguration section */
		F99BF2BD1C6405440021316E /* Debug */ = {
			isa = XCBuildConfiguration;
			buildSettings = {
				ALWAYS_SEARCH_USER_PATHS = NO;
				CLANG_CXX_LANGUAGE_STANDARD = "gnu++0x";
				CLANG_CXX_LIBRARY = "libc++";
				CLANG_ENABLE_MODULES = YES;
				CLANG_ENABLE_OBJC_ARC = YES;
				CLANG_WARN_BOOL_CONVERSION = YES;
				CLANG_WARN_CONSTANT_CONVERSION = YES;
				CLANG_WARN_DIRECT_OBJC_ISA_USAGE = YES_ERROR;
				CLANG_WARN_EMPTY_BODY = YES;
				CLANG_WARN_ENUM_CONVERSION = YES;
				CLANG_WARN_INT_CONVERSION = YES;
				CLANG_WARN_OBJC_ROOT_CLASS = YES_ERROR;
				CLANG_WARN_UNREACHABLE_CODE = YES;
				CLANG_WARN__DUPLICATE_METHOD_MATCH = YES;
				"CODE_SIGN_IDENTITY[sdk=iphoneos*]" = "iPhone Developer";
				COPY_PHASE_STRIP = NO;
				DEBUG_INFORMATION_FORMAT = dwarf;
				ENABLE_STRICT_OBJC_MSGSEND = YES;
				ENABLE_TESTABILITY = YES;
				GCC_C_LANGUAGE_STANDARD = gnu99;
				GCC_DYNAMIC_NO_PIC = NO;
				GCC_NO_COMMON_BLOCKS = YES;
				GCC_OPTIMIZATION_LEVEL = 0;
				GCC_PREPROCESSOR_DEFINITIONS = (
					"DEBUG=1",
					"$(inherited)",
				);
				GCC_WARN_64_TO_32_BIT_CONVERSION = YES;
				GCC_WARN_ABOUT_RETURN_TYPE = YES_ERROR;
				GCC_WARN_UNDECLARED_SELECTOR = YES;
				GCC_WARN_UNINITIALIZED_AUTOS = YES_AGGRESSIVE;
				GCC_WARN_UNUSED_FUNCTION = YES;
				GCC_WARN_UNUSED_VARIABLE = YES;
				IPHONEOS_DEPLOYMENT_TARGET = 9.2;
				MTL_ENABLE_DEBUG_INFO = YES;
				ONLY_ACTIVE_ARCH = YES;
				SDKROOT = iphoneos;
				SWIFT_OPTIMIZATION_LEVEL = "-Onone";
				TARGETED_DEVICE_FAMILY = "1,2";
			};
			name = Debug;
		};
		F99BF2BE1C6405440021316E /* Release */ = {
			isa = XCBuildConfiguration;
			buildSettings = {
				ALWAYS_SEARCH_USER_PATHS = NO;
				CLANG_CXX_LANGUAGE_STANDARD = "gnu++0x";
				CLANG_CXX_LIBRARY = "libc++";
				CLANG_ENABLE_MODULES = YES;
				CLANG_ENABLE_OBJC_ARC = YES;
				CLANG_WARN_BOOL_CONVERSION = YES;
				CLANG_WARN_CONSTANT_CONVERSION = YES;
				CLANG_WARN_DIRECT_OBJC_ISA_USAGE = YES_ERROR;
				CLANG_WARN_EMPTY_BODY = YES;
				CLANG_WARN_ENUM_CONVERSION = YES;
				CLANG_WARN_INT_CONVERSION = YES;
				CLANG_WARN_OBJC_ROOT_CLASS = YES_ERROR;
				CLANG_WARN_UNREACHABLE_CODE = YES;
				CLANG_WARN__DUPLICATE_METHOD_MATCH = YES;
				"CODE_SIGN_IDENTITY[sdk=iphoneos*]" = "iPhone Developer";
				COPY_PHASE_STRIP = NO;
				DEBUG_INFORMATION_FORMAT = "dwarf-with-dsym";
				ENABLE_NS_ASSERTIONS = NO;
				ENABLE_STRICT_OBJC_MSGSEND = YES;
				GCC_C_LANGUAGE_STANDARD = gnu99;
				GCC_NO_COMMON_BLOCKS = YES;
				GCC_WARN_64_TO_32_BIT_CONVERSION = YES;
				GCC_WARN_ABOUT_RETURN_TYPE = YES_ERROR;
				GCC_WARN_UNDECLARED_SELECTOR = YES;
				GCC_WARN_UNINITIALIZED_AUTOS = YES_AGGRESSIVE;
				GCC_WARN_UNUSED_FUNCTION = YES;
				GCC_WARN_UNUSED_VARIABLE = YES;
				IPHONEOS_DEPLOYMENT_TARGET = 9.2;
				MTL_ENABLE_DEBUG_INFO = NO;
				SDKROOT = iphoneos;
				TARGETED_DEVICE_FAMILY = "1,2";
				VALIDATE_PRODUCT = YES;
			};
			name = Release;
		};
		F99BF2C01C6405440021316E /* Debug */ = {
			isa = XCBuildConfiguration;
			buildSettings = {
				ASSETCATALOG_COMPILER_APPICON_NAME = AppIcon;
				INFOPLIST_FILE = Demo2/Info.plist;
				LD_RUNPATH_SEARCH_PATHS = "$(inherited) @executable_path/Frameworks";
				PRODUCT_BUNDLE_IDENTIFIER = TeliApp.Demo2;
				PRODUCT_NAME = "$(TARGET_NAME)";
			};
			name = Debug;
		};
		F99BF2C11C6405440021316E /* Release */ = {
			isa = XCBuildConfiguration;
			buildSettings = {
				ASSETCATALOG_COMPILER_APPICON_NAME = AppIcon;
				INFOPLIST_FILE = Demo2/Info.plist;
				LD_RUNPATH_SEARCH_PATHS = "$(inherited) @executable_path/Frameworks";
				PRODUCT_BUNDLE_IDENTIFIER = TeliApp.Demo2;
				PRODUCT_NAME = "$(TARGET_NAME)";
			};
			name = Release;
		};
		F99BF2C31C6405440021316E /* Debug */ = {
			isa = XCBuildConfiguration;
			buildSettings = {
				BUNDLE_LOADER = "$(TEST_HOST)";
				INFOPLIST_FILE = Demo2Tests/Info.plist;
				LD_RUNPATH_SEARCH_PATHS = "$(inherited) @executable_path/Frameworks @loader_path/Frameworks";
				PRODUCT_BUNDLE_IDENTIFIER = TeliApp.Demo2Tests;
				PRODUCT_NAME = "$(TARGET_NAME)";
				TEST_HOST = "$(BUILT_PRODUCTS_DIR)/Demo2.app/Demo2";
			};
			name = Debug;
		};
		F99BF2C41C6405440021316E /* Release */ = {
			isa = XCBuildConfiguration;
			buildSettings = {
				BUNDLE_LOADER = "$(TEST_HOST)";
				INFOPLIST_FILE = Demo2Tests/Info.plist;
				LD_RUNPATH_SEARCH_PATHS = "$(inherited) @executable_path/Frameworks @loader_path/Frameworks";
				PRODUCT_BUNDLE_IDENTIFIER = TeliApp.Demo2Tests;
				PRODUCT_NAME = "$(TARGET_NAME)";
				TEST_HOST = "$(BUILT_PRODUCTS_DIR)/Demo2.app/Demo2";
			};
			name = Release;
		};
		F99BF2C61C6405440021316E /* Debug */ = {
			isa = XCBuildConfiguration;
			buildSettings = {
				INFOPLIST_FILE = Demo2UITests/Info.plist;
				LD_RUNPATH_SEARCH_PATHS = "$(inherited) @executable_path/Frameworks @loader_path/Frameworks";
				PRODUCT_BUNDLE_IDENTIFIER = TeliApp.Demo2UITests;
				PRODUCT_NAME = "$(TARGET_NAME)";
				TEST_TARGET_NAME = Demo2;
				USES_XCTRUNNER = YES;
			};
			name = Debug;
		};
		F99BF2C71C6405440021316E /* Release */ = {
			isa = XCBuildConfiguration;
			buildSettings = {
				INFOPLIST_FILE = Demo2UITests/Info.plist;
				LD_RUNPATH_SEARCH_PATHS = "$(inherited) @executable_path/Frameworks @loader_path/Frameworks";
				PRODUCT_BUNDLE_IDENTIFIER = TeliApp.Demo2UITests;
				PRODUCT_NAME = "$(TARGET_NAME)";
				TEST_TARGET_NAME = Demo2;
				USES_XCTRUNNER = YES;
			};
			name = Release;
		};
/* End XCBuildConfiguration section */

/* Begin XCConfigurationList section */
		F99BF2921C6405440021316E /* Build configuration list for PBXProject "Demo2" */ = {
			isa = XCConfigurationList;
			buildConfigurations = (
				F99BF2BD1C6405440021316E /* Debug */,
				F99BF2BE1C6405440021316E /* Release */,
			);
			defaultConfigurationIsVisible = 0;
			defaultConfigurationName = Release;
		};
		F99BF2BF1C6405440021316E /* Build configuration list for PBXNativeTarget "Demo2" */ = {
			isa = XCConfigurationList;
			buildConfigurations = (
				F99BF2C01C6405440021316E /* Debug */,
				F99BF2C11C6405440021316E /* Release */,
			);
			defaultConfigurationIsVisible = 0;
		};
		F99BF2C21C6405440021316E /* Build configuration list for PBXNativeTarget "Demo2Tests" */ = {
			isa = XCConfigurationList;
			buildConfigurations = (
				F99BF2C31C6405440021316E /* Debug */,
				F99BF2C41C6405440021316E /* Release */,
			);
			defaultConfigurationIsVisible = 0;
		};
		F99BF2C51C6405440021316E /* Build configuration list for PBXNativeTarget "Demo2UITests" */ = {
			isa = XCConfigurationList;
			buildConfigurations = (
				F99BF2C61C6405440021316E /* Debug */,
				F99BF2C71C6405440021316E /* Release */,
			);
			defaultConfigurationIsVisible = 0;
		};
/* End XCConfigurationList section */
	};
	rootObject = F99BF28F1C6405440021316E /* Project object */;
}
